{
  "name": "Choosy",
  "lockfileVersion": 3,
  "requires": true,
  "packages": {
    "": {
      "dependencies": {
        "bad-words": "^4.0.0",
        "react-icons": "^5.5.0"
      }
    },
    "node_modules/bad-words": {
      "version": "4.0.0",
      "resolved": "https://registry.npmjs.org/bad-words/-/bad-words-4.0.0.tgz",
      "integrity": "sha512-fLjG/I0N3I7xhurqGnGitSRD10UeEE63a7hyXtutQDpxo4+Eal+i7veWeZxZJPNtsl6X1mUIoWPwt8gQ7NMQUw==",
      "license": "MIT",
      "dependencies": {
        "badwords-list": "^2.0.1-4"
      },
      "engines": {
        "node": ">=8.0.0"
      }
    },
    "node_modules/badwords-list": {
      "version": "2.0.1-4",
      "resolved": "https://registry.npmjs.org/badwords-list/-/badwords-list-2.0.1-4.tgz",
      "integrity": "sha512-FxfZUp7B9yCnesNtFQS9v6PvZdxTYa14Q60JR6vhjdQdWI4naTjJIyx22JzoER8ooeT8SAAKoHLjKfCV7XgYUQ==",
      "license": "MIT"
    },
    "node_modules/react": {
      "version": "19.1.0",
      "resolved": "https://registry.npmjs.org/react/-/react-19.1.0.tgz",
      "integrity": "sha512-FS+XFBNvn3GTAWq26joslQgWNoFu08F4kl0J4CgdNKADkdSGXQyTCnKteIAJy96Br6YbpEU1LSzV5dYtjMkMDg==",
      "license": "MIT",
      "peer": true,
      "engines": {
        "node": ">=0.10.0"
      }
    },
    "node_modules/react-icons": {
      "version": "5.5.0",
      "resolved": "https://registry.npmjs.org/react-icons/-/react-icons-5.5.0.tgz",
      "integrity": "sha512-MEFcXdkP3dLo8uumGI5xN3lDFNsRtrjbOEKDLD7yv76v4wpnEq2Lt2qeHaQOr34I/wPN3s3+N08WkQ+CW37Xiw==",
      "license": "MIT",
      "peerDependencies": {
        "react": "*"
      }
    }
  }
}
